// !$*UTF8*$!
{
	archiveVersion = 1;
	classes = {
	};
	objectVersion = 50;
	objects = {

/* Begin PBXBuildFile section */
		2E2C197427275BA4005E6450 /* AppDelegate.swift in Sources */ = {isa = PBXBuildFile; fileRef = 2E2C197327275BA4005E6450 /* AppDelegate.swift */; };
		2E2C197627275BA4005E6450 /* SceneDelegate.swift in Sources */ = {isa = PBXBuildFile; fileRef = 2E2C197527275BA4005E6450 /* SceneDelegate.swift */; };
		2E2C197827275BA4005E6450 /* ViewController.swift in Sources */ = {isa = PBXBuildFile; fileRef = 2E2C197727275BA4005E6450 /* ViewController.swift */; };
		2E2C197B27275BA4005E6450 /* Main.storyboard in Resources */ = {isa = PBXBuildFile; fileRef = 2E2C197927275BA4005E6450 /* Main.storyboard */; };
		2E2C197D27275BA7005E6450 /* Assets.xcassets in Resources */ = {isa = PBXBuildFile; fileRef = 2E2C197C27275BA7005E6450 /* Assets.xcassets */; };
		2E2C198027275BA7005E6450 /* LaunchScreen.storyboard in Resources */ = {isa = PBXBuildFile; fileRef = 2E2C197E27275BA7005E6450 /* LaunchScreen.storyboard */; };
		2E2C198B27275BA7005E6450 /* something_testTests.swift in Sources */ = {isa = PBXBuildFile; fileRef = 2E2C198A27275BA7005E6450 /* something_testTests.swift */; };
		2E2C199627275BA7005E6450 /* something_testUITests.swift in Sources */ = {isa = PBXBuildFile; fileRef = 2E2C199527275BA7005E6450 /* something_testUITests.swift */; };
		2E72D3532729FF5F00D192BB /* NextViewController.swift in Sources */ = {isa = PBXBuildFile; fileRef = 2E72D3522729FF5F00D192BB /* NextViewController.swift */; };
		2E72D3542729FF5F00D192BB /* NextViewController.swift in Sources */ = {isa = PBXBuildFile; fileRef = 2E72D3522729FF5F00D192BB /* NextViewController.swift */; };
		2E72D356272A161A00D192BB /* SecondNextViewController.swift in Sources */ = {isa = PBXBuildFile; fileRef = 2E72D355272A161A00D192BB /* SecondNextViewController.swift */; };
		2E72D357272A161A00D192BB /* SecondNextViewController.swift in Sources */ = {isa = PBXBuildFile; fileRef = 2E72D355272A161A00D192BB /* SecondNextViewController.swift */; };
/* End PBXBuildFile section */

/* Begin PBXContainerItemProxy section */
		2E2C198727275BA7005E6450 /* PBXContainerItemProxy */ = {
			isa = PBXContainerItemProxy;
			containerPortal = 2E2C196827275BA4005E6450 /* Project object */;
			proxyType = 1;
			remoteGlobalIDString = 2E2C196F27275BA4005E6450;
			remoteInfo = something_test;
		};
		2E2C199227275BA7005E6450 /* PBXContainerItemProxy */ = {
			isa = PBXContainerItemProxy;
			containerPortal = 2E2C196827275BA4005E6450 /* Project object */;
			proxyType = 1;
			remoteGlobalIDString = 2E2C196F27275BA4005E6450;
			remoteInfo = something_test;
		};
/* End PBXContainerItemProxy section */

/* Begin PBXFileReference section */
		2E2C197027275BA4005E6450 /* something_test.app */ = {isa = PBXFileReference; explicitFileType = wrapper.application; includeInIndex = 0; path = something_test.app; sourceTree = BUILT_PRODUCTS_DIR; };
		2E2C197327275BA4005E6450 /* AppDelegate.swift */ = {isa = PBXFileReference; lastKnownFileType = sourcecode.swift; path = AppDelegate.swift; sourceTree = "<group>"; };
		2E2C197527275BA4005E6450 /* SceneDelegate.swift */ = {isa = PBXFileReference; lastKnownFileType = sourcecode.swift; path = SceneDelegate.swift; sourceTree = "<group>"; };
		2E2C197727275BA4005E6450 /* ViewController.swift */ = {isa = PBXFileReference; lastKnownFileType = sourcecode.swift; path = ViewController.swift; sourceTree = "<group>"; };
		2E2C197A27275BA4005E6450 /* Base */ = {isa = PBXFileReference; lastKnownFileType = file.storyboard; name = Base; path = Base.lproj/Main.storyboard; sourceTree = "<group>"; };
		2E2C197C27275BA7005E6450 /* Assets.xcassets */ = {isa = PBXFileReference; lastKnownFileType = folder.assetcatalog; path = Assets.xcassets; sourceTree = "<group>"; };
		2E2C197F27275BA7005E6450 /* Base */ = {isa = PBXFileReference; lastKnownFileType = file.storyboard; name = Base; path = Base.lproj/LaunchScreen.storyboard; sourceTree = "<group>"; };
		2E2C198127275BA7005E6450 /* Info.plist */ = {isa = PBXFileReference; lastKnownFileType = text.plist.xml; path = Info.plist; sourceTree = "<group>"; };
		2E2C198627275BA7005E6450 /* something_testTests.xctest */ = {isa = PBXFileReference; explicitFileType = wrapper.cfbundle; includeInIndex = 0; path = something_testTests.xctest; sourceTree = BUILT_PRODUCTS_DIR; };
		2E2C198A27275BA7005E6450 /* something_testTests.swift */ = {isa = PBXFileReference; lastKnownFileType = sourcecode.swift; path = something_testTests.swift; sourceTree = "<group>"; };
		2E2C198C27275BA7005E6450 /* Info.plist */ = {isa = PBXFileReference; lastKnownFileType = text.plist.xml; path = Info.plist; sourceTree = "<group>"; };
		2E2C199127275BA7005E6450 /* something_testUITests.xctest */ = {isa = PBXFileReference; explicitFileType = wrapper.cfbundle; includeInIndex = 0; path = something_testUITests.xctest; sourceTree = BUILT_PRODUCTS_DIR; };
		2E2C199527275BA7005E6450 /* something_testUITests.swift */ = {isa = PBXFileReference; lastKnownFileType = sourcecode.swift; path = something_testUITests.swift; sourceTree = "<group>"; };
		2E2C199727275BA7005E6450 /* Info.plist */ = {isa = PBXFileReference; lastKnownFileType = text.plist.xml; path = Info.plist; sourceTree = "<group>"; };
		2E72D3522729FF5F00D192BB /* NextViewController.swift */ = {isa = PBXFileReference; lastKnownFileType = sourcecode.swift; path = NextViewController.swift; sourceTree = "<group>"; };
		2E72D355272A161A00D192BB /* SecondNextViewController.swift */ = {isa = PBXFileReference; lastKnownFileType = sourcecode.swift; path = SecondNextViewController.swift; sourceTree = "<group>"; };
/* End PBXFileReference section */

/* Begin PBXFrameworksBuildPhase section */
		2E2C196D27275BA4005E6450 /* Frameworks */ = {
			isa = PBXFrameworksBuildPhase;
			buildActionMask = 2147483647;
			files = (
			);
			runOnlyForDeploymentPostprocessing = 0;
		};
		2E2C198327275BA7005E6450 /* Frameworks */ = {
			isa = PBXFrameworksBuildPhase;
			buildActionMask = 2147483647;
			files = (
			);
			runOnlyForDeploymentPostprocessing = 0;
		};
		2E2C198E27275BA7005E6450 /* Frameworks */ = {
			isa = PBXFrameworksBuildPhase;
			buildActionMask = 2147483647;
			files = (
			);
			runOnlyForDeploymentPostprocessing = 0;
		};
/* End PBXFrameworksBuildPhase section */

/* Begin PBXGroup section */
		2E2C196727275BA4005E6450 = {
			isa = PBXGroup;
			children = (
				2E2C197227275BA4005E6450 /* something_test */,
				2E2C198927275BA7005E6450 /* something_testTests */,
				2E2C199427275BA7005E6450 /* something_testUITests */,
				2E2C197127275BA4005E6450 /* Products */,
			);
			sourceTree = "<group>";
		};
		2E2C197127275BA4005E6450 /* Products */ = {
			isa = PBXGroup;
			children = (
				2E2C197027275BA4005E6450 /* something_test.app */,
				2E2C198627275BA7005E6450 /* something_testTests.xctest */,
				2E2C199127275BA7005E6450 /* something_testUITests.xctest */,
			);
			name = Products;
			sourceTree = "<group>";
		};
		2E2C197227275BA4005E6450 /* something_test */ = {
			isa = PBXGroup;
			children = (
				2E2C197927275BA4005E6450 /* Main.storyboard */,
				2E72D355272A161A00D192BB /* SecondNextViewController.swift */,
				2E72D3522729FF5F00D192BB /* NextViewController.swift */,
				2E2C197327275BA4005E6450 /* AppDelegate.swift */,
				2E2C197527275BA4005E6450 /* SceneDelegate.swift */,
				2E2C197727275BA4005E6450 /* ViewController.swift */,
				2E2C197C27275BA7005E6450 /* Assets.xcassets */,
				2E2C197E27275BA7005E6450 /* LaunchScreen.storyboard */,
				2E2C198127275BA7005E6450 /* Info.plist */,
			);
			path = something_test;
			sourceTree = "<group>";
		};
		2E2C198927275BA7005E6450 /* something_testTests */ = {
			isa = PBXGroup;
			children = (
				2E2C198A27275BA7005E6450 /* something_testTests.swift */,
				2E2C198C27275BA7005E6450 /* Info.plist */,
			);
			path = something_testTests;
			sourceTree = "<group>";
		};
		2E2C199427275BA7005E6450 /* something_testUITests */ = {
			isa = PBXGroup;
			children = (
				2E2C199527275BA7005E6450 /* something_testUITests.swift */,
				2E2C199727275BA7005E6450 /* Info.plist */,
			);
			path = something_testUITests;
			sourceTree = "<group>";
		};
/* End PBXGroup section */

/* Begin PBXNativeTarget section */
		2E2C196F27275BA4005E6450 /* something_test */ = {
			isa = PBXNativeTarget;
			buildConfigurationList = 2E2C199A27275BA7005E6450 /* Build configuration list for PBXNativeTarget "something_test" */;
			buildPhases = (
				2E2C196C27275BA4005E6450 /* Sources */,
				2E2C196D27275BA4005E6450 /* Frameworks */,
				2E2C196E27275BA4005E6450 /* Resources */,
			);
			buildRules = (
			);
			dependencies = (
			);
			name = something_test;
			productName = something_test;
			productReference = 2E2C197027275BA4005E6450 /* something_test.app */;
			productType = "com.apple.product-type.application";
		};
		2E2C198527275BA7005E6450 /* something_testTests */ = {
			isa = PBXNativeTarget;
			buildConfigurationList = 2E2C199D27275BA7005E6450 /* Build configuration list for PBXNativeTarget "something_testTests" */;
			buildPhases = (
				2E2C198227275BA7005E6450 /* Sources */,
				2E2C198327275BA7005E6450 /* Frameworks */,
				2E2C198427275BA7005E6450 /* Resources */,
			);
			buildRules = (
			);
			dependencies = (
				2E2C198827275BA7005E6450 /* PBXTargetDependency */,
			);
			name = something_testTests;
			productName = something_testTests;
			productReference = 2E2C198627275BA7005E6450 /* something_testTests.xctest */;
			productType = "com.apple.product-type.bundle.unit-test";
		};
		2E2C199027275BA7005E6450 /* something_testUITests */ = {
			isa = PBXNativeTarget;
			buildConfigurationList = 2E2C19A027275BA7005E6450 /* Build configuration list for PBXNativeTarget "something_testUITests" */;
			buildPhases = (
				2E2C198D27275BA7005E6450 /* Sources */,
				2E2C198E27275BA7005E6450 /* Frameworks */,
				2E2C198F27275BA7005E6450 /* Resources */,
			);
			buildRules = (
			);
			dependencies = (
				2E2C199327275BA7005E6450 /* PBXTargetDependency */,
			);
			name = something_testUITests;
			productName = something_testUITests;
			productReference = 2E2C199127275BA7005E6450 /* something_testUITests.xctest */;
			productType = "com.apple.product-type.bundle.ui-testing";
		};
/* End PBXNativeTarget section */

/* Begin PBXProject section */
		2E2C196827275BA4005E6450 /* Project object */ = {
			isa = PBXProject;
			attributes = {
				LastSwiftUpdateCheck = 1150;
				LastUpgradeCheck = 1150;
				ORGANIZATIONNAME = "河合彰紘";
				TargetAttributes = {
					2E2C196F27275BA4005E6450 = {
						CreatedOnToolsVersion = 11.5;
					};
					2E2C198527275BA7005E6450 = {
						CreatedOnToolsVersion = 11.5;
						TestTargetID = 2E2C196F27275BA4005E6450;
					};
					2E2C199027275BA7005E6450 = {
						CreatedOnToolsVersion = 11.5;
						TestTargetID = 2E2C196F27275BA4005E6450;
					};
				};
			};
			buildConfigurationList = 2E2C196B27275BA4005E6450 /* Build configuration list for PBXProject "something_test" */;
			compatibilityVersion = "Xcode 9.3";
			developmentRegion = en;
			hasScannedForEncodings = 0;
			knownRegions = (
				en,
				Base,
			);
			mainGroup = 2E2C196727275BA4005E6450;
			productRefGroup = 2E2C197127275BA4005E6450 /* Products */;
			projectDirPath = "";
			projectRoot = "";
			targets = (
				2E2C196F27275BA4005E6450 /* something_test */,
				2E2C198527275BA7005E6450 /* something_testTests */,
				2E2C199027275BA7005E6450 /* something_testUITests */,
			);
		};
/* End PBXProject section */

/* Begin PBXResourcesBuildPhase section */
		2E2C196E27275BA4005E6450 /* Resources */ = {
			isa = PBXResourcesBuildPhase;
			buildActionMask = 2147483647;
			files = (
				2E2C198027275BA7005E6450 /* LaunchScreen.storyboard in Resources */,
				2E2C197D27275BA7005E6450 /* Assets.xcassets in Resources */,
				2E2C197B27275BA4005E6450 /* Main.storyboard in Resources */,
			);
			runOnlyForDeploymentPostprocessing = 0;
		};
		2E2C198427275BA7005E6450 /* Resources */ = {
			isa = PBXResourcesBuildPhase;
			buildActionMask = 2147483647;
			files = (
			);
			runOnlyForDeploymentPostprocessing = 0;
		};
		2E2C198F27275BA7005E6450 /* Resources */ = {
			isa = PBXResourcesBuildPhase;
			buildActionMask = 2147483647;
			files = (
			);
			runOnlyForDeploymentPostprocessing = 0;
		};
/* End PBXResourcesBuildPhase section */

/* Begin PBXSourcesBuildPhase section */
		2E2C196C27275BA4005E6450 /* Sources */ = {
			isa = PBXSourcesBuildPhase;
			buildActionMask = 2147483647;
			files = (
				2E72D356272A161A00D192BB /* SecondNextViewController.swift in Sources */,
				2E2C197827275BA4005E6450 /* ViewController.swift in Sources */,
				2E72D3532729FF5F00D192BB /* NextViewController.swift in Sources */,
				2E2C197427275BA4005E6450 /* AppDelegate.swift in Sources */,
				2E2C197627275BA4005E6450 /* SceneDelegate.swift in Sources */,
			);
			runOnlyForDeploymentPostprocessing = 0;
		};
		2E2C198227275BA7005E6450 /* Sources */ = {
			isa = PBXSourcesBuildPhase;
			buildActionMask = 2147483647;
			files = (
				2E2C198B27275BA7005E6450 /* something_testTests.swift in Sources */,
			);
			runOnlyForDeploymentPostprocessing = 0;
		};
		2E2C198D27275BA7005E6450 /* Sources */ = {
			isa = PBXSourcesBuildPhase;
			buildActionMask = 2147483647;
			files = (
				2E2C199627275BA7005E6450 /* something_testUITests.swift in Sources */,
				2E72D357272A161A00D192BB /* SecondNextViewController.swift in Sources */,
				2E72D3542729FF5F00D192BB /* NextViewController.swift in Sources */,
			);
			runOnlyForDeploymentPostprocessing = 0;
		};
/* End PBXSourcesBuildPhase section */

/* Begin PBXTargetDependency section */
		2E2C198827275BA7005E6450 /* PBXTargetDependency */ = {
			isa = PBXTargetDependency;
			target = 2E2C196F27275BA4005E6450 /* something_test */;
			targetProxy = 2E2C198727275BA7005E6450 /* PBXContainerItemProxy */;
		};
		2E2C199327275BA7005E6450 /* PBXTargetDependency */ = {
			isa = PBXTargetDependency;
			target = 2E2C196F27275BA4005E6450 /* something_test */;
			targetProxy = 2E2C199227275BA7005E6450 /* PBXContainerItemProxy */;
		};
/* End PBXTargetDependency section */

/* Begin PBXVariantGroup section */
		2E2C197927275BA4005E6450 /* Main.storyboard */ = {
			isa = PBXVariantGroup;
			children = (
				2E2C197A27275BA4005E6450 /* Base */,
			);
			name = Main.storyboard;
			sourceTree = "<group>";
		};
		2E2C197E27275BA7005E6450 /* LaunchScreen.storyboard */ = {
			isa = PBXVariantGroup;
			children = (
				2E2C197F27275BA7005E6450 /* Base */,
			);
			name = LaunchScreen.storyboard;
			sourceTree = "<group>";
		};
/* End PBXVariantGroup section */

/* Begin XCBuildConfiguration section */
		2E2C199827275BA7005E6450 /* Debug */ = {
			isa = XCBuildConfiguration;
			buildSettings = {
				ALWAYS_SEARCH_USER_PATHS = NO;
				CLANG_ANALYZER_NONNULL = YES;
				CLANG_ANALYZER_NUMBER_OBJECT_CONVERSION = YES_AGGRESSIVE;
				CLANG_CXX_LANGUAGE_STANDARD = "gnu++14";
				CLANG_CXX_LIBRARY = "libc++";
				CLANG_ENABLE_MODULES = YES;
				CLANG_ENABLE_OBJC_ARC = YES;
				CLANG_ENABLE_OBJC_WEAK = YES;
				CLANG_WARN_BLOCK_CAPTURE_AUTORELEASING = YES;
				CLANG_WARN_BOOL_CONVERSION = YES;
				CLANG_WARN_COMMA = YES;
				CLANG_WARN_CONSTANT_CONVERSION = YES;
				CLANG_WARN_DEPRECATED_OBJC_IMPLEMENTATIONS = YES;
				CLANG_WARN_DIRECT_OBJC_ISA_USAGE = YES_ERROR;
				CLANG_WARN_DOCUMENTATION_COMMENTS = YES;
				CLANG_WARN_EMPTY_BODY = YES;
				CLANG_WARN_ENUM_CONVERSION = YES;
				CLANG_WARN_INFINITE_RECURSION = YES;
				CLANG_WARN_INT_CONVERSION = YES;
				CLANG_WARN_NON_LITERAL_NULL_CONVERSION = YES;
				CLANG_WARN_OBJC_IMPLICIT_RETAIN_SELF = YES;
				CLANG_WARN_OBJC_LITERAL_CONVERSION = YES;
				CLANG_WARN_OBJC_ROOT_CLASS = YES_ERROR;
				CLANG_WARN_RANGE_LOOP_ANALYSIS = YES;
				CLANG_WARN_STRICT_PROTOTYPES = YES;
				CLANG_WARN_SUSPICIOUS_MOVE = YES;
				CLANG_WARN_UNGUARDED_AVAILABILITY = YES_AGGRESSIVE;
				CLANG_WARN_UNREACHABLE_CODE = YES;
				CLANG_WARN__DUPLICATE_METHOD_MATCH = YES;
				COPY_PHASE_STRIP = NO;
				DEBUG_INFORMATION_FORMAT = dwarf;
				ENABLE_STRICT_OBJC_MSGSEND = YES;
				ENABLE_TESTABILITY = YES;
				GCC_C_LANGUAGE_STANDARD = gnu11;
				GCC_DYNAMIC_NO_PIC = NO;
				GCC_NO_COMMON_BLOCKS = YES;
				GCC_OPTIMIZATION_LEVEL = 0;
				GCC_PREPROCESSOR_DEFINITIONS = (
					"DEBUG=1",
					"$(inherited)",
				);
				GCC_WARN_64_TO_32_BIT_CONVERSION = YES;
				GCC_WARN_ABOUT_RETURN_TYPE = YES_ERROR;
				GCC_WARN_UNDECLARED_SELECTOR = YES;
				GCC_WARN_UNINITIALIZED_AUTOS = YES_AGGRESSIVE;
				GCC_WARN_UNUSED_FUNCTION = YES;
				GCC_WARN_UNUSED_VARIABLE = YES;
				IPHONEOS_DEPLOYMENT_TARGET = 13.5;
				MTL_ENABLE_DEBUG_INFO = INCLUDE_SOURCE;
				MTL_FAST_MATH = YES;
				ONLY_ACTIVE_ARCH = YES;
				SDKROOT = iphoneos;
				SWIFT_ACTIVE_COMPILATION_CONDITIONS = DEBUG;
				SWIFT_OPTIMIZATION_LEVEL = "-Onone";
			};
			name = Debug;
		};
		2E2C199927275BA7005E6450 /* Release */ = {
			isa = XCBuildConfiguration;
			buildSettings = {
				ALWAYS_SEARCH_USER_PATHS = NO;
				CLANG_ANALYZER_NONNULL = YES;
				CLANG_ANALYZER_NUMBER_OBJECT_CONVERSION = YES_AGGRESSIVE;
				CLANG_CXX_LANGUAGE_STANDARD = "gnu++14";
				CLANG_CXX_LIBRARY = "libc++";
				CLANG_ENABLE_MODULES = YES;
				CLANG_ENABLE_OBJC_ARC = YES;
				CLANG_ENABLE_OBJC_WEAK = YES;
				CLANG_WARN_BLOCK_CAPTURE_AUTORELEASING = YES;
				CLANG_WARN_BOOL_CONVERSION = YES;
				CLANG_WARN_COMMA = YES;
				CLANG_WARN_CONSTANT_CONVERSION = YES;
				CLANG_WARN_DEPRECATED_OBJC_IMPLEMENTATIONS = YES;
				CLANG_WARN_DIRECT_OBJC_ISA_USAGE = YES_ERROR;
				CLANG_WARN_DOCUMENTATION_COMMENTS = YES;
				CLANG_WARN_EMPTY_BODY = YES;
				CLANG_WARN_ENUM_CONVERSION = YES;
				CLANG_WARN_INFINITE_RECURSION = YES;
				CLANG_WARN_INT_CONVERSION = YES;
				CLANG_WARN_NON_LITERAL_NULL_CONVERSION = YES;
				CLANG_WARN_OBJC_IMPLICIT_RETAIN_SELF = YES;
				CLANG_WARN_OBJC_LITERAL_CONVERSION = YES;
				CLANG_WARN_OBJC_ROOT_CLASS = YES_ERROR;
				CLANG_WARN_RANGE_LOOP_ANALYSIS = YES;
				CLANG_WARN_STRICT_PROTOTYPES = YES;
				CLANG_WARN_SUSPICIOUS_MOVE = YES;
				CLANG_WARN_UNGUARDED_AVAILABILITY = YES_AGGRESSIVE;
				CLANG_WARN_UNREACHABLE_CODE = YES;
				CLANG_WARN__DUPLICATE_METHOD_MATCH = YES;
				COPY_PHASE_STRIP = NO;
				DEBUG_INFORMATION_FORMAT = "dwarf-with-dsym";
				ENABLE_NS_ASSERTIONS = NO;
				ENABLE_STRICT_OBJC_MSGSEND = YES;
				GCC_C_LANGUAGE_STANDARD = gnu11;
				GCC_NO_COMMON_BLOCKS = YES;
				GCC_WARN_64_TO_32_BIT_CONVERSION = YES;
				GCC_WARN_ABOUT_RETURN_TYPE = YES_ERROR;
				GCC_WARN_UNDECLARED_SELECTOR = YES;
				GCC_WARN_UNINITIALIZED_AUTOS = YES_AGGRESSIVE;
				GCC_WARN_UNUSED_FUNCTION = YES;
				GCC_WARN_UNUSED_VARIABLE = YES;
				IPHONEOS_DEPLOYMENT_TARGET = 13.5;
				MTL_ENABLE_DEBUG_INFO = NO;
				MTL_FAST_MATH = YES;
				SDKROOT = iphoneos;
				SWIFT_COMPILATION_MODE = wholemodule;
				SWIFT_OPTIMIZATION_LEVEL = "-O";
				VALIDATE_PRODUCT = YES;
			};
			name = Release;
		};
		2E2C199B27275BA7005E6450 /* Debug */ = {
			isa = XCBuildConfiguration;
			buildSettings = {
				ASSETCATALOG_COMPILER_APPICON_NAME = AppIcon;
				CODE_SIGN_STYLE = Automatic;
				INFOPLIST_FILE = something_test/Info.plist;
				LD_RUNPATH_SEARCH_PATHS = (
					"$(inherited)",
					"@executable_path/Frameworks",
				);
				PRODUCT_BUNDLE_IDENTIFIER = "rakko.something-test";
				PRODUCT_NAME = "$(TARGET_NAME)";
				SWIFT_VERSION = 5.0;
				TARGETED_DEVICE_FAMILY = "1,2";
			};
			name = Debug;
		};
		2E2C199C27275BA7005E6450 /* Release */ = {
			isa = XCBuildConfiguration;
			buildSettings = {
				ASSETCATALOG_COMPILER_APPICON_NAME = AppIcon;
				CODE_SIGN_STYLE = Automatic;
				INFOPLIST_FILE = something_test/Info.plist;
				LD_RUNPATH_SEARCH_PATHS = (
					"$(inherited)",
					"@executable_path/Frameworks",
				);
				PRODUCT_BUNDLE_IDENTIFIER = "rakko.something-test";
				PRODUCT_NAME = "$(TARGET_NAME)";
				SWIFT_VERSION = 5.0;
				TARGETED_DEVICE_FAMILY = "1,2";
			};
			name = Release;
		};
		2E2C199E27275BA7005E6450 /* Debug */ = {
			isa = XCBuildConfiguration;
			buildSettings = {
				ALWAYS_EMBED_SWIFT_STANDARD_LIBRARIES = YES;
				BUNDLE_LOADER = "$(TEST_HOST)";
				CODE_SIGN_STYLE = Automatic;
				INFOPLIST_FILE = something_testTests/Info.plist;
				IPHONEOS_DEPLOYMENT_TARGET = 13.5;
				LD_RUNPATH_SEARCH_PATHS = (
					"$(inherited)",
					"@executable_path/Frameworks",
					"@loader_path/Frameworks",
				);
				PRODUCT_BUNDLE_IDENTIFIER = "rakko.something-testTests";
				PRODUCT_NAME = "$(TARGET_NAME)";
				SWIFT_VERSION = 5.0;
				TARGETED_DEVICE_FAMILY = "1,2";
				TEST_HOST = "$(BUILT_PRODUCTS_DIR)/something_test.app/something_test";
			};
			name = Debug;
		};
		2E2C199F27275BA7005E6450 /* Release */ = {
			isa = XCBuildConfiguration;
			buildSettings = {
				ALWAYS_EMBED_SWIFT_STANDARD_LIBRARIES = YES;
				BUNDLE_LOADER = "$(TEST_HOST)";
				CODE_SIGN_STYLE = Automatic;
				INFOPLIST_FILE = something_testTests/Info.plist;
				IPHONEOS_DEPLOYMENT_TARGET = 13.5;
				LD_RUNPATH_SEARCH_PATHS = (
					"$(inherited)",
					"@executable_path/Frameworks",
					"@loader_path/Frameworks",
				);
				PRODUCT_BUNDLE_IDENTIFIER = "rakko.something-testTests";
				PRODUCT_NAME = "$(TARGET_NAME)";
				SWIFT_VERSION = 5.0;
				TARGETED_DEVICE_FAMILY = "1,2";
				TEST_HOST = "$(BUILT_PRODUCTS_DIR)/something_test.app/something_test";
			};
			name = Release;
		};
		2E2C19A127275BA7005E6450 /* Debug */ = {
			isa = XCBuildConfiguration;
			buildSettings = {
				ALWAYS_EMBED_SWIFT_STANDARD_LIBRARIES = YES;
				CODE_SIGN_STYLE = Automatic;
				INFOPLIST_FILE = something_testUITests/Info.plist;
				LD_RUNPATH_SEARCH_PATHS = (
					"$(inherited)",
					"@executable_path/Frameworks",
					"@loader_path/Frameworks",
				);
				PRODUCT_BUNDLE_IDENTIFIER = "rakko.something-testUITests";
				PRODUCT_NAME = "$(TARGET_NAME)";
				SWIFT_VERSION = 5.0;
				TARGETED_DEVICE_FAMILY = "1,2";
				TEST_TARGET_NAME = something_test;
			};
			name = Debug;
		};
		2E2C19A227275BA7005E6450 /* Release */ = {
			isa = XCBuildConfiguration;
			buildSettings = {
				ALWAYS_EMBED_SWIFT_STANDARD_LIBRARIES = YES;
				CODE_SIGN_STYLE = Automatic;
				INFOPLIST_FILE = something_testUITests/Info.plist;
				LD_RUNPATH_SEARCH_PATHS = (
					"$(inherited)",
					"@executable_path/Frameworks",
					"@loader_path/Frameworks",
				);
				PRODUCT_BUNDLE_IDENTIFIER = "rakko.something-testUITests";
				PRODUCT_NAME = "$(TARGET_NAME)";
				SWIFT_VERSION = 5.0;
				TARGETED_DEVICE_FAMILY = "1,2";
				TEST_TARGET_NAME = something_test;
			};
			name = Release;
		};
/* End XCBuildConfiguration section */

/* Begin XCConfigurationList section */
		2E2C196B27275BA4005E6450 /* Build configuration list for PBXProject "something_test" */ = {
			isa = XCConfigurationList;
			buildConfigurations = (
				2E2C199827275BA7005E6450 /* Debug */,
				2E2C199927275BA7005E6450 /* Release */,
			);
			defaultConfigurationIsVisible = 0;
			defaultConfigurationName = Release;
		};
		2E2C199A27275BA7005E6450 /* Build configuration list for PBXNativeTarget "something_test" */ = {
			isa = XCConfigurationList;
			buildConfigurations = (
				2E2C199B27275BA7005E6450 /* Debug */,
				2E2C199C27275BA7005E6450 /* Release */,
			);
			defaultConfigurationIsVisible = 0;
			defaultConfigurationName = Release;
		};
		2E2C199D27275BA7005E6450 /* Build configuration list for PBXNativeTarget "something_testTests" */ = {
			isa = XCConfigurationList;
			buildConfigurations = (
				2E2C199E27275BA7005E6450 /* Debug */,
				2E2C199F27275BA7005E6450 /* Release */,
			);
			defaultConfigurationIsVisible = 0;
			defaultConfigurationName = Release;
		};
		2E2C19A027275BA7005E6450 /* Build configuration list for PBXNativeTarget "something_testUITests" */ = {
			isa = XCConfigurationList;
			buildConfigurations = (
				2E2C19A127275BA7005E6450 /* Debug */,
				2E2C19A227275BA7005E6450 /* Release */,
			);
			defaultConfigurationIsVisible = 0;
			defaultConfigurationName = Release;
		};
/* End XCConfigurationList section */
	};
	rootObject = 2E2C196827275BA4005E6450 /* Project object */;
}
